
Microsoft Visual Studio Solution File, Format Version 12.00
# Visual Studio Version 16
VisualStudioVersion = 16.6.30114.105
MinimumVisualStudioVersion = 10.0.40219.1
Project("{FAE04EC0-301F-11D3-BF4B-00C04F79EFBC}") = "PermutationIIConsoleApp", "PermutationIIConsoleApp\PermutationIIConsoleApp.csproj", "{E571EA22-370E-46C9-A479-EDE677A97816}"
EndProject
Project("{FAE04EC0-301F-11D3-BF4B-00C04F79EFBC}") = "PermutationIIDomain", "PermutationIIDomain\PermutationIIDomain.csproj", "{1F19AA1E-4442-42B5-89C2-F58B89CBE5B4}"
EndProject
Project("{FAE04EC0-301F-11D3-BF4B-00C04F79EFBC}") = "PermutationIITests", "PermutationIITests\PermutationIITests.csproj", "{41E110C6-8B16-46CD-A4D4-504D68D9FC2D}"
EndProject
Global
	GlobalSection(SolutionConfigurationPlatforms) = preSolution
		Debug|Any CPU = Debug|Any CPU
		Debug|x64 = Debug|x64
		Debug|x86 = Debug|x86
		Release|Any CPU = Release|Any CPU
		Release|x64 = Release|x64
		Release|x86 = Release|x86
	EndGlobalSection
	GlobalSection(SolutionProperties) = preSolution
		HideSolutionNode = FALSE
	EndGlobalSection
	GlobalSection(ProjectConfigurationPlatforms) = postSolution
		{E571EA22-370E-46C9-A479-EDE677A97816}.Debug|Any CPU.ActiveCfg = Debug|Any CPU
		{E571EA22-370E-46C9-A479-EDE677A97816}.Debug|Any CPU.Build.0 = Debug|Any CPU
		{E571EA22-370E-46C9-A479-EDE677A97816}.Debug|x64.ActiveCfg = Debug|Any CPU
		{E571EA22-370E-46C9-A479-EDE677A97816}.Debug|x64.Build.0 = Debug|Any CPU
		{E571EA22-370E-46C9-A479-EDE677A97816}.Debug|x86.ActiveCfg = Debug|Any CPU
		{E571EA22-370E-46C9-A479-EDE677A97816}.Debug|x86.Build.0 = Debug|Any CPU
		{E571EA22-370E-46C9-A479-EDE677A97816}.Release|Any CPU.ActiveCfg = Release|Any CPU
		{E571EA22-370E-46C9-A479-EDE677A97816}.Release|Any CPU.Build.0 = Release|Any CPU
		{E571EA22-370E-46C9-A479-EDE677A97816}.Release|x64.ActiveCfg = Release|Any CPU
		{E571EA22-370E-46C9-A479-EDE677A97816}.Release|x64.Build.0 = Release|Any CPU
		{E571EA22-370E-46C9-A479-EDE677A97816}.Release|x86.ActiveCfg = Release|Any CPU
		{E571EA22-370E-46C9-A479-EDE677A97816}.Release|x86.Build.0 = Release|Any CPU
		{1F19AA1E-4442-42B5-89C2-F58B89CBE5B4}.Debug|Any CPU.ActiveCfg = Debug|Any CPU
		{1F19AA1E-4442-42B5-89C2-F58B89CBE5B4}.Debug|Any CPU.Build.0 = Debug|Any CPU
		{1F19AA1E-4442-42B5-89C2-F58B89CBE5B4}.Debug|x64.ActiveCfg = Debug|Any CPU
		{1F19AA1E-4442-42B5-89C2-F58B89CBE5B4}.Debug|x64.Build.0 = Debug|Any CPU
		{1F19AA1E-4442-42B5-89C2-F58B89CBE5B4}.Debug|x86.ActiveCfg = Debug|Any CPU
		{1F19AA1E-4442-42B5-89C2-F58B89CBE5B4}.Debug|x86.Build.0 = Debug|Any CPU
		{1F19AA1E-4442-42B5-89C2-F58B89CBE5B4}.Release|Any CPU.ActiveCfg = Release|Any CPU
		{1F19AA1E-4442-42B5-89C2-F58B89CBE5B4}.Release|Any CPU.Build.0 = Release|Any CPU
		{1F19AA1E-4442-42B5-89C2-F58B89CBE5B4}.Release|x64.ActiveCfg = Release|Any CPU
		{1F19AA1E-4442-42B5-89C2-F58B89CBE5B4}.Release|x64.Build.0 = Release|Any CPU
		{1F19AA1E-4442-42B5-89C2-F58B89CBE5B4}.Release|x86.ActiveCfg = Release|Any CPU
		{1F19AA1E-4442-42B5-89C2-F58B89CBE5B4}.Release|x86.Build.0 = Release|Any CPU
		{41E110C6-8B16-46CD-A4D4-504D68D9FC2D}.Debug|Any CPU.ActiveCfg = Debug|Any CPU
		{41E110C6-8B16-46CD-A4D4-504D68D9FC2D}.Debug|Any CPU.Build.0 = Debug|Any CPU
		{41E110C6-8B16-46CD-A4D4-504D68D9FC2D}.Debug|x64.ActiveCfg = Debug|Any CPU
		{41E110C6-8B16-46CD-A4D4-504D68D9FC2D}.Debug|x64.Build.0 = Debug|Any CPU
		{41E110C6-8B16-46CD-A4D4-504D68D9FC2D}.Debug|x86.ActiveCfg = Debug|Any CPU
		{41E110C6-8B16-46CD-A4D4-504D68D9FC2D}.Debug|x86.Build.0 = Debug|Any CPU
		{41E110C6-8B16-46CD-A4D4-504D68D9FC2D}.Release|Any CPU.ActiveCfg = Release|Any CPU
		{41E110C6-8B16-46CD-A4D4-504D68D9FC2D}.Release|Any CPU.Build.0 = Release|Any CPU
		{41E110C6-8B16-46CD-A4D4-504D68D9FC2D}.Release|x64.ActiveCfg = Release|Any CPU
		{41E110C6-8B16-46CD-A4D4-504D68D9FC2D}.Release|x64.Build.0 = Release|Any CPU
		{41E110C6-8B16-46CD-A4D4-504D68D9FC2D}.Release|x86.ActiveCfg = Release|Any CPU
		{41E110C6-8B16-46CD-A4D4-504D68D9FC2D}.Release|x86.Build.0 = Release|Any CPU
	EndGlobalSection
EndGlobal
